
Microsoft Visual Studio Solution File, Format Version 12.00
# Visual Studio Version 17
VisualStudioVersion = 17.14.36310.24 d17.14
MinimumVisualStudioVersion = 10.0.40219.1
Project("{FAE04EC0-301F-11D3-BF4B-00C04F79EFBC}") = "Leetcode", "Leetcode\Leetcode.csproj", "{F7E67AC6-341D-4B17-BD43-851CF133EC4A}"
EndProject
Project("{FAE04EC0-301F-11D3-BF4B-00C04F79EFBC}") = "Leetcode.Tests", "Leetcode.Tests\Leetcode.Tests.csproj", "{0118D133-D4CD-47CA-A458-311B63428981}"
EndProject
Global
	GlobalSection(SolutionConfigurationPlatforms) = preSolution
		Debug|Any CPU = Debug|Any CPU
		Release|Any CPU = Release|Any CPU
	EndGlobalSection
	GlobalSection(ProjectConfigurationPlatforms) = postSolution
		{F7E67AC6-341D-4B17-BD43-851CF133EC4A}.Debug|Any CPU.ActiveCfg = Debug|Any CPU
		{F7E67AC6-341D-4B17-BD43-851CF133EC4A}.Debug|Any CPU.Build.0 = Debug|Any CPU
		{F7E67AC6-341D-4B17-BD43-851CF133EC4A}.Release|Any CPU.ActiveCfg = Release|Any CPU
		{F7E67AC6-341D-4B17-BD43-851CF133EC4A}.Release|Any CPU.Build.0 = Release|Any CPU
		{0118D133-D4CD-47CA-A458-311B63428981}.Debug|Any CPU.ActiveCfg = Debug|Any CPU
		{0118D133-D4CD-47CA-A458-311B63428981}.Debug|Any CPU.Build.0 = Debug|Any CPU
		{0118D133-D4CD-47CA-A458-311B63428981}.Release|Any CPU.ActiveCfg = Release|Any CPU
		{0118D133-D4CD-47CA-A458-311B63428981}.Release|Any CPU.Build.0 = Release|Any CPU
	EndGlobalSection
	GlobalSection(SolutionProperties) = preSolution
		HideSolutionNode = FALSE
	EndGlobalSection
	GlobalSection(ExtensibilityGlobals) = postSolution
		SolutionGuid = {B5415170-41C6-420A-9D02-3736CB232D78}
	EndGlobalSection
EndGlobal
